<Solution>
  <Folder Name="/scripts/">
    <File Path="ef.ps1" />
    <File Path="run.ps1" />
  </Folder>
  <Project Path="RagAgent.Api/RagAgent.Api.csproj" />
  <Project Path="RagAgent.Application/RagAgent.Application.csproj" />
  <Project Path="RagAgent.Contracts/RagAgent.Contracts.csproj" />
  <Project Path="RagAgent.Domain/RagAgent.Domain.csproj" />
  <Project Path="RagAgent.Infrastructure/RagAgent.Infrastructure.csproj" />
  <Project Path="RagAgent.Tests/RagAgent.Tests.csproj" />
</Solution>
